
Microsoft Visual Studio Solution File, Format Version 12.00
# Visual Studio Version 16
VisualStudioVersion = 16.0.31515.178
MinimumVisualStudioVersion = 10.0.40219.1
Project("{FAE04EC0-301F-11D3-BF4B-00C04F79EFBC}") = "PolrSharp", "PolrSharp\PolrSharp.csproj", "{46B0AAEF-EB60-4E72-8D2F-D5313851ECC3}"
EndProject
Project("{FAE04EC0-301F-11D3-BF4B-00C04F79EFBC}") = "PolrSharp.Test", "PolrSharp.Test\PolrSharp.Test.csproj", "{DC6EF2B3-4312-4DEA-985B-2D41C603C07A}"
EndProject
Global
	GlobalSection(SolutionConfigurationPlatforms) = preSolution
		Debug|Any CPU = Debug|Any CPU
		Release|Any CPU = Release|Any CPU
	EndGlobalSection
	GlobalSection(ProjectConfigurationPlatforms) = postSolution
		{46B0AAEF-EB60-4E72-8D2F-D5313851ECC3}.Debug|Any CPU.ActiveCfg = Debug|Any CPU
		{46B0AAEF-EB60-4E72-8D2F-D5313851ECC3}.Debug|Any CPU.Build.0 = Debug|Any CPU
		{46B0AAEF-EB60-4E72-8D2F-D5313851ECC3}.Release|Any CPU.ActiveCfg = Release|Any CPU
		{46B0AAEF-EB60-4E72-8D2F-D5313851ECC3}.Release|Any CPU.Build.0 = Release|Any CPU
		{DC6EF2B3-4312-4DEA-985B-2D41C603C07A}.Debug|Any CPU.ActiveCfg = Debug|Any CPU
		{DC6EF2B3-4312-4DEA-985B-2D41C603C07A}.Debug|Any CPU.Build.0 = Debug|Any CPU
		{DC6EF2B3-4312-4DEA-985B-2D41C603C07A}.Release|Any CPU.ActiveCfg = Release|Any CPU
		{DC6EF2B3-4312-4DEA-985B-2D41C603C07A}.Release|Any CPU.Build.0 = Release|Any CPU
	EndGlobalSection
	GlobalSection(SolutionProperties) = preSolution
		HideSolutionNode = FALSE
	EndGlobalSection
	GlobalSection(ExtensibilityGlobals) = postSolution
		SolutionGuid = {68A33712-E165-4A56-B0D4-F3ACCDD629F4}
	EndGlobalSection
EndGlobal
